
Microsoft Visual Studio Solution File, Format Version 12.00
# Visual Studio Version 16
VisualStudioVersion = 25.0.1705.4
MinimumVisualStudioVersion = 10.0.40219.1
Project("{FAE04EC0-301F-11D3-BF4B-00C04F79EFBC}") = "Project361", "Project361.csproj", "{50576ADF-67B5-46D2-A796-1BB9CF1DBE2B}"
EndProject
Global
	GlobalSection(SolutionConfigurationPlatforms) = preSolution
		Debug|Any CPU = Debug|Any CPU
		Release|Any CPU = Release|Any CPU
	EndGlobalSection
	GlobalSection(ProjectConfigurationPlatforms) = postSolution
		{50576ADF-67B5-46D2-A796-1BB9CF1DBE2B}.Debug|Any CPU.ActiveCfg = Debug|Any CPU
		{50576ADF-67B5-46D2-A796-1BB9CF1DBE2B}.Debug|Any CPU.Build.0 = Debug|Any CPU
		{50576ADF-67B5-46D2-A796-1BB9CF1DBE2B}.Release|Any CPU.ActiveCfg = Release|Any CPU
		{50576ADF-67B5-46D2-A796-1BB9CF1DBE2B}.Release|Any CPU.Build.0 = Release|Any CPU
	EndGlobalSection
	GlobalSection(SolutionProperties) = preSolution
		HideSolutionNode = FALSE
	EndGlobalSection
	GlobalSection(ExtensibilityGlobals) = postSolution
		SolutionGuid = {5380466B-374C-4901-ABCE-67287AB68A4B}
	EndGlobalSection
EndGlobal
