{
  "name": "Project361",
  "lockfileVersion": 3,
  "requires": true,
  "packages": {
    "": {
      "dependencies": {
        "@angular/cdk": "^16.0.0",
        "@angular/material": "^16.0.0"
      }
    },
    "node_modules/@angular/animations": {
      "version": "16.0.1",
      "resolved": "https://registry.npmjs.org/@angular/animations/-/animations-16.0.1.tgz",
      "integrity": "sha512-ziRq1hGJJuQqQUHqNpEMp9uy1pVutvL8oNvawblh32u4bnLsVQU5gMd6sTonn0x4sphEwMNnuEmp/q6QRIx+pA==",
      "peer": true,
      "dependencies": {
        "tslib": "^2.3.0"
      },
      "engines": {
        "node": "^16.14.0 || >=18.10.0"
      },
      "peerDependencies": {
        "@angular/core": "16.0.1"
      }
    },
    "node_modules/@angular/cdk": {
      "version": "16.0.0",
      "resolved": "https://registry.npmjs.org/@angular/cdk/-/cdk-16.0.0.tgz",
      "integrity": "sha512-3hiNRB5kBOYv+MJRlpLX++KzY96mTivE7BXM/pNoR4Hiq7aBnoCtp0zbTc9J7gPn8POX6t/4WfAogslbkvQXSg==",
      "dependencies": {
        "tslib": "^2.3.0"
      },
      "optionalDependencies": {
        "parse5": "^7.1.2"
      },
      "peerDependencies": {
        "@angular/common": "^16.0.0 || ^17.0.0",
        "@angular/core": "^16.0.0 || ^17.0.0",
        "rxjs": "^6.5.3 || ^7.4.0"
      }
    },
    "node_modules/@angular/common": {
      "version": "16.0.1",
      "resolved": "https://registry.npmjs.org/@angular/common/-/common-16.0.1.tgz",
      "integrity": "sha512-ic9Ri4Mepf4c0BTff7o4Oyl/a1vACNXXUzuoTwIjWnIqrH89dtwg7ncTD9Rv0N1lon7r4gXokTbn9A/Yk/0jbw==",
      "peer": true,
      "dependencies": {
        "tslib": "^2.3.0"
      },
      "engines": {
        "node": "^16.14.0 || >=18.10.0"
      },
      "peerDependencies": {
        "@angular/core": "16.0.1",
        "rxjs": "^6.5.3 || ^7.4.0"
      }
    },
    "node_modules/@angular/core": {
      "version": "16.0.1",
      "resolved": "https://registry.npmjs.org/@angular/core/-/core-16.0.1.tgz",
      "integrity": "sha512-3s4XBbzWgyWcjI0WFlNDKRxsbm4J+OKIL4mJCM9r8gWwno9y0K/giziAm9YMIJ4VOBIvrcMbOh85o44FCk8cRA==",
      "peer": true,
      "dependencies": {
        "tslib": "^2.3.0"
      },
      "engines": {
        "node": "^16.14.0 || >=18.10.0"
      },
      "peerDependencies": {
        "rxjs": "^6.5.3 || ^7.4.0",
        "zone.js": "~0.13.0"
      }
    },
    "node_modules/@angular/forms": {
      "version": "16.0.1",
      "resolved": "https://registry.npmjs.org/@angular/forms/-/forms-16.0.1.tgz",
      "integrity": "sha512-VbH/YnEBau0q97zI7BjSk0pu/i2S0Y/zmhvA2wgI2CCvtbqT6hCNdE/3rW6ZFBcnuCe+dFhuchXe6dX28epsvg==",
      "peer": true,
      "dependencies": {
        "tslib": "^2.3.0"
      },
      "engines": {
        "node": "^16.14.0 || >=18.10.0"
      },
      "peerDependencies": {
        "@angular/common": "16.0.1",
        "@angular/core": "16.0.1",
        "@angular/platform-browser": "16.0.1",
        "rxjs": "^6.5.3 || ^7.4.0"
      }
    },
    "node_modules/@angular/material": {
      "version": "16.0.0",
      "resolved": "https://registry.npmjs.org/@angular/material/-/material-16.0.0.tgz",
      "integrity": "sha512-FIkBjcygdgN0vDnO+e3dWrjw/+U805zGC9dh7lwSkpbgQp89ZYVk4Wygk5+I6oSKn1oR9GJpIe/j8+kP6CMA4w==",
      "dependencies": {
        "@material/animation": "15.0.0-canary.51f9c0c28.0",
        "@material/auto-init": "15.0.0-canary.51f9c0c28.0",
        "@material/banner": "15.0.0-canary.51f9c0c28.0",
        "@material/base": "15.0.0-canary.51f9c0c28.0",
        "@material/button": "15.0.0-canary.51f9c0c28.0",
        "@material/card": "15.0.0-canary.51f9c0c28.0",
        "@material/checkbox": "15.0.0-canary.51f9c0c28.0",
        "@material/chips": "15.0.0-canary.51f9c0c28.0",
        "@material/circular-progress": "15.0.0-canary.51f9c0c28.0",
        "@material/data-table": "15.0.0-canary.51f9c0c28.0",
        "@material/density": "15.0.0-canary.51f9c0c28.0",
        "@material/dialog": "15.0.0-canary.51f9c0c28.0",
        "@material/dom": "15.0.0-canary.51f9c0c28.0",
        "@material/drawer": "15.0.0-canary.51f9c0c28.0",
        "@material/elevation": "15.0.0-canary.51f9c0c28.0",
        "@material/fab": "15.0.0-canary.51f9c0c28.0",
        "@material/feature-targeting": "15.0.0-canary.51f9c0c28.0",
        "@material/floating-label": "15.0.0-canary.51f9c0c28.0",
        "@material/form-field": "15.0.0-canary.51f9c0c28.0",
        "@material/icon-button": "15.0.0-canary.51f9c0c28.0",
        "@material/image-list": "15.0.0-canary.51f9c0c28.0",
        "@material/layout-grid": "15.0.0-canary.51f9c0c28.0",
        "@material/line-ripple": "15.0.0-canary.51f9c0c28.0",
        "@material/linear-progress": "15.0.0-canary.51f9c0c28.0",
        "@material/list": "15.0.0-canary.51f9c0c28.0",
        "@material/menu": "15.0.0-canary.51f9c0c28.0",
        "@material/menu-surface": "15.0.0-canary.51f9c0c28.0",
        "@material/notched-outline": "15.0.0-canary.51f9c0c28.0",
        "@material/radio": "15.0.0-canary.51f9c0c28.0",
        "@material/ripple": "15.0.0-canary.51f9c0c28.0",
        "@material/rtl": "15.0.0-canary.51f9c0c28.0",
        "@material/segmented-button": "15.0.0-canary.51f9c0c28.0",
        "@material/select": "15.0.0-canary.51f9c0c28.0",
        "@material/shape": "15.0.0-canary.51f9c0c28.0",
        "@material/slider": "15.0.0-canary.51f9c0c28.0",
        "@material/snackbar": "15.0.0-canary.51f9c0c28.0",
        "@material/switch": "15.0.0-canary.51f9c0c28.0",
        "@material/tab": "15.0.0-canary.51f9c0c28.0",
        "@material/tab-bar": "15.0.0-canary.51f9c0c28.0",
        "@material/tab-indicator": "15.0.0-canary.51f9c0c28.0",
        "@material/tab-scroller": "15.0.0-canary.51f9c0c28.0",
        "@material/textfield": "15.0.0-canary.51f9c0c28.0",
        "@material/theme": "15.0.0-canary.51f9c0c28.0",
        "@material/tooltip": "15.0.0-canary.51f9c0c28.0",
        "@material/top-app-bar": "15.0.0-canary.51f9c0c28.0",
        "@material/touch-target": "15.0.0-canary.51f9c0c28.0",
        "@material/typography": "15.0.0-canary.51f9c0c28.0",
        "tslib": "^2.3.0"
      },
      "peerDependencies": {
        "@angular/animations": "^16.0.0 || ^17.0.0",
        "@angular/cdk": "16.0.0",
        "@angular/common": "^16.0.0 || ^17.0.0",
        "@angular/core": "^16.0.0 || ^17.0.0",
        "@angular/forms": "^16.0.0 || ^17.0.0",
        "@angular/platform-browser": "^16.0.0 || ^17.0.0",
        "rxjs": "^6.5.3 || ^7.4.0"
      }
    },
    "node_modules/@angular/platform-browser": {
      "version": "16.0.1",
      "resolved": "https://registry.npmjs.org/@angular/platform-browser/-/platform-browser-16.0.1.tgz",
      "integrity": "sha512-7XLIOnTnGDJLE4Q0zBz6eI9q5V3NnsTAJqIICJHc4gk6jNgVz90gtejAQ4EFbo0d83XGzwFL22hxID5Dj1WRIA==",
      "peer": true,
      "dependencies": {
        "tslib": "^2.3.0"
      },
      "engines": {
        "node": "^16.14.0 || >=18.10.0"
      },
      "peerDependencies": {
        "@angular/animations": "16.0.1",
        "@angular/common": "16.0.1",
        "@angular/core": "16.0.1"
      },
      "peerDependenciesMeta": {
        "@angular/animations": {
          "optional": true
        }
      }
    },
    "node_modules/@material/animation": {
      "version": "15.0.0-canary.51f9c0c28.0",
      "resolved": "https://registry.npmjs.org/@material/animation/-/animation-15.0.0-canary.51f9c0c28.0.tgz",
      "integrity": "sha512-YNCPsf7yoRmduOd+7H+PlQNci7gdvjkae92XQTY8cnYFy9XTbgFCmwCbJQn5AgxHtVuMssKl2sroszgUmF9aoQ==",
      "dependencies": {
        "tslib": "^2.1.0"
      }
    },
    "node_modules/@material/auto-init": {
      "version": "15.0.0-canary.51f9c0c28.0",
      "resolved": "https://registry.npmjs.org/@material/auto-init/-/auto-init-15.0.0-canary.51f9c0c28.0.tgz",
      "integrity": "sha512-U75Y3Pm0OfKi2b8UUsWn+X7s+LGutqisOtgFytPJ1Su4UcB8Mh3nr/4+MOdb3DT0Z1bNdq+43JhEjTi9oijibg==",
      "dependencies": {
        "@material/base": "15.0.0-canary.51f9c0c28.0",
        "tslib": "^2.1.0"
      }
    },
    "node_modules/@material/banner": {
      "version": "15.0.0-canary.51f9c0c28.0",
      "resolved": "https://registry.npmjs.org/@material/banner/-/banner-15.0.0-canary.51f9c0c28.0.tgz",
      "integrity": "sha512-y5Q0MpuiGpIIN9UldCEv2eliYq0pHLTHkqHnjAsImzHRT8vnCqIQeeROwOlrLwBl3u/kpeLhSZzJ1w9OPkZeRQ==",
      "dependencies": {
        "@material/base": "15.0.0-canary.51f9c0c28.0",
        "@material/button": "15.0.0-canary.51f9c0c28.0",
        "@material/dom": "15.0.0-canary.51f9c0c28.0",
        "@material/elevation": "15.0.0-canary.51f9c0c28.0",
        "@material/feature-targeting": "15.0.0-canary.51f9c0c28.0",
        "@material/ripple": "15.0.0-canary.51f9c0c28.0",
        "@material/rtl": "15.0.0-canary.51f9c0c28.0",
        "@material/shape": "15.0.0-canary.51f9c0c28.0",
        "@material/theme": "15.0.0-canary.51f9c0c28.0",
        "@material/tokens": "15.0.0-canary.51f9c0c28.0",
        "@material/typography": "15.0.0-canary.51f9c0c28.0",
        "tslib": "^2.1.0"
      }
    },
    "node_modules/@material/base": {
      "version": "15.0.0-canary.51f9c0c28.0",
      "resolved": "https://registry.npmjs.org/@material/base/-/base-15.0.0-canary.51f9c0c28.0.tgz",
      "integrity": "sha512-nqFSLpkBRlTNS0Z2ydJQtghRH8Hz3gUexQG/mP+pBv8afqOc0teHwug3M5btdteoXmCHiRpDkP/CHbbZclClHg==",
      "dependencies": {
        "tslib": "^2.1.0"
      }
    },
    "node_modules/@material/button": {
      "version": "15.0.0-canary.51f9c0c28.0",
      "resolved": "https://registry.npmjs.org/@material/button/-/button-15.0.0-canary.51f9c0c28.0.tgz",
      "integrity": "sha512-eLiLRm8uKERgpnnoUKaG98O5Kh5lQljaAWz/RBiKiwia+przJSikMtsBrBMV8BrwKg5wOIFUrUsJOP0q2YcYyw==",
      "dependencies": {
        "@material/density": "15.0.0-canary.51f9c0c28.0",
        "@material/dom": "15.0.0-canary.51f9c0c28.0",
        "@material/elevation": "15.0.0-canary.51f9c0c28.0",
        "@material/feature-targeting": "15.0.0-canary.51f9c0c28.0",
        "@material/focus-ring": "15.0.0-canary.51f9c0c28.0",
        "@material/ripple": "15.0.0-canary.51f9c0c28.0",
        "@material/rtl": "15.0.0-canary.51f9c0c28.0",
        "@material/shape": "15.0.0-canary.51f9c0c28.0",
        "@material/theme": "15.0.0-canary.51f9c0c28.0",
        "@material/tokens": "15.0.0-canary.51f9c0c28.0",
        "@material/touch-target": "15.0.0-canary.51f9c0c28.0",
        "@material/typography": "15.0.0-canary.51f9c0c28.0",
        "tslib": "^2.1.0"
      }
    },
    "node_modules/@material/card": {
      "version": "15.0.0-canary.51f9c0c28.0",
      "resolved": "https://registry.npmjs.org/@material/card/-/card-15.0.0-canary.51f9c0c28.0.tgz",
      "integrity": "sha512-scGd0XzNNarVk8S0InGbpX04ApYYoRND5udDx1vRtU2jzu97j39dd+cwusLWtrtR+FGrS7C4A7yA08NI9BoTEQ==",
      "dependencies": {
        "@material/dom": "15.0.0-canary.51f9c0c28.0",
        "@material/elevation": "15.0.0-canary.51f9c0c28.0",
        "@material/feature-targeting": "15.0.0-canary.51f9c0c28.0",
        "@material/ripple": "15.0.0-canary.51f9c0c28.0",
        "@material/rtl": "15.0.0-canary.51f9c0c28.0",
        "@material/shape": "15.0.0-canary.51f9c0c28.0",
        "@material/theme": "15.0.0-canary.51f9c0c28.0",
        "@material/tokens": "15.0.0-canary.51f9c0c28.0",
        "tslib": "^2.1.0"
      }
    },
    "node_modules/@material/checkbox": {
      "version": "15.0.0-canary.51f9c0c28.0",
      "resolved": "https://registry.npmjs.org/@material/checkbox/-/checkbox-15.0.0-canary.51f9c0c28.0.tgz",
      "integrity": "sha512-GEqx+GQcgslxRLsLpbj/ddd4rSgCQxtikkvnKUBd8nw2bvNm/6HUXGl8IaTU2nj36SS5zNLdiDJLRI+k+G4C6g==",
      "dependencies": {
        "@material/animation": "15.0.0-canary.51f9c0c28.0",
        "@material/base": "15.0.0-canary.51f9c0c28.0",
        "@material/density": "15.0.0-canary.51f9c0c28.0",
        "@material/dom": "15.0.0-canary.51f9c0c28.0",
        "@material/feature-targeting": "15.0.0-canary.51f9c0c28.0",
        "@material/focus-ring": "15.0.0-canary.51f9c0c28.0",
        "@material/ripple": "15.0.0-canary.51f9c0c28.0",
        "@material/rtl": "15.0.0-canary.51f9c0c28.0",
        "@material/theme": "15.0.0-canary.51f9c0c28.0",
        "@material/touch-target": "15.0.0-canary.51f9c0c28.0",
        "tslib": "^2.1.0"
      }
    },
    "node_modules/@material/chips": {
      "version": "15.0.0-canary.51f9c0c28.0",
      "resolved": "https://registry.npmjs.org/@material/chips/-/chips-15.0.0-canary.51f9c0c28.0.tgz",
      "integrity": "sha512-a3lGEXw/Y1+KqMuvakzcb9rCis5R+eLQ7uHSrC0WjGgX1oU9gWpM0/p05/rTknHbIji5sOHr4SxC48cRCBCSSA==",
      "dependencies": {
        "@material/animation": "15.0.0-canary.51f9c0c28.0",
        "@material/base": "15.0.0-canary.51f9c0c28.0",
        "@material/checkbox": "15.0.0-canary.51f9c0c28.0",
        "@material/density": "15.0.0-canary.51f9c0c28.0",
        "@material/dom": "15.0.0-canary.51f9c0c28.0",
        "@material/elevation": "15.0.0-canary.51f9c0c28.0",
        "@material/feature-targeting": "15.0.0-canary.51f9c0c28.0",
        "@material/focus-ring": "15.0.0-canary.51f9c0c28.0",
        "@material/ripple": "15.0.0-canary.51f9c0c28.0",
        "@material/rtl": "15.0.0-canary.51f9c0c28.0",
        "@material/shape": "15.0.0-canary.51f9c0c28.0",
        "@material/theme": "15.0.0-canary.51f9c0c28.0",
        "@material/tokens": "15.0.0-canary.51f9c0c28.0",
        "@material/touch-target": "15.0.0-canary.51f9c0c28.0",
        "@material/typography": "15.0.0-canary.51f9c0c28.0",
        "safevalues": "^0.3.4",
        "tslib": "^2.1.0"
      }
    },
    "node_modules/@material/circular-progress": {
      "version": "15.0.0-canary.51f9c0c28.0",
      "resolved": "https://registry.npmjs.org/@material/circular-progress/-/circular-progress-15.0.0-canary.51f9c0c28.0.tgz",
      "integrity": "sha512-ApIq1SK5B0aYqsyKc7byzWVYg0zk9uFziryBOAKfyd96caG7BfzEfheOWK2PPEQGo9cA/m08ZZJzz6JDmJNMLA==",
      "dependencies": {
        "@material/animation": "15.0.0-canary.51f9c0c28.0",
        "@material/base": "15.0.0-canary.51f9c0c28.0",
        "@material/dom": "15.0.0-canary.51f9c0c28.0",
        "@material/feature-targeting": "15.0.0-canary.51f9c0c28.0",
        "@material/progress-indicator": "15.0.0-canary.51f9c0c28.0",
        "@material/rtl": "15.0.0-canary.51f9c0c28.0",
        "@material/theme": "15.0.0-canary.51f9c0c28.0",
        "tslib": "^2.1.0"
      }
    },
    "node_modules/@material/data-table": {
      "version": "15.0.0-canary.51f9c0c28.0",
      "resolved": "https://registry.npmjs.org/@material/data-table/-/data-table-15.0.0-canary.51f9c0c28.0.tgz",
      "integrity": "sha512-5TajNrJqVqr49PeyHSXf3YzPpAF2xPz4/r2TaPbLd/gvw9/z7dN7QiiQkSQ15oYzjueRwh+JHMwLfY5gakWC2Q==",
      "dependencies": {
        "@material/animation": "15.0.0-canary.51f9c0c28.0",
        "@material/base": "15.0.0-canary.51f9c0c28.0",
        "@material/checkbox": "15.0.0-canary.51f9c0c28.0",
        "@material/density": "15.0.0-canary.51f9c0c28.0",
        "@material/dom": "15.0.0-canary.51f9c0c28.0",
        "@material/elevation": "15.0.0-canary.51f9c0c28.0",
        "@material/feature-targeting": "15.0.0-canary.51f9c0c28.0",
        "@material/icon-button": "15.0.0-canary.51f9c0c28.0",
        "@material/linear-progress": "15.0.0-canary.51f9c0c28.0",
        "@material/list": "15.0.0-canary.51f9c0c28.0",
        "@material/menu": "15.0.0-canary.51f9c0c28.0",
        "@material/rtl": "15.0.0-canary.51f9c0c28.0",
        "@material/select": "15.0.0-canary.51f9c0c28.0",
        "@material/shape": "15.0.0-canary.51f9c0c28.0",
        "@material/theme": "15.0.0-canary.51f9c0c28.0",
        "@material/tokens": "15.0.0-canary.51f9c0c28.0",
        "@material/touch-target": "15.0.0-canary.51f9c0c28.0",
        "@material/typography": "15.0.0-canary.51f9c0c28.0",
        "tslib": "^2.1.0"
      }
    },
    "node_modules/@material/density": {
      "version": "15.0.0-canary.51f9c0c28.0",
      "resolved": "https://registry.npmjs.org/@material/density/-/density-15.0.0-canary.51f9c0c28.0.tgz",
      "integrity": "sha512-7hc7vuh4RajlgNTtHYWZzUeMC6A7w4ePJGavslqAawPb84bo0M/3Idm6OmoW1c6dyDcQo59KOiHMsmnlgDWdjg==",
      "dependencies": {
        "tslib": "^2.1.0"
      }
    },
    "node_modules/@material/dialog": {
      "version": "15.0.0-canary.51f9c0c28.0",
      "resolved": "https://registry.npmjs.org/@material/dialog/-/dialog-15.0.0-canary.51f9c0c28.0.tgz",
      "integrity": "sha512-60o18+BmPLoGLLZeJVEwexYr89dsZGVCRC0N3zASQTNVz3XWtyjgeragAoly4NTUIICJ4PMRjMEH7YhJ/Qg/BA==",
      "dependencies": {
        "@material/animation": "15.0.0-canary.51f9c0c28.0",
        "@material/base": "15.0.0-canary.51f9c0c28.0",
        "@material/button": "15.0.0-canary.51f9c0c28.0",
        "@material/dom": "15.0.0-canary.51f9c0c28.0",
        "@material/elevation": "15.0.0-canary.51f9c0c28.0",
        "@material/feature-targeting": "15.0.0-canary.51f9c0c28.0",
        "@material/icon-button": "15.0.0-canary.51f9c0c28.0",
        "@material/ripple": "15.0.0-canary.51f9c0c28.0",
        "@material/rtl": "15.0.0-canary.51f9c0c28.0",
        "@material/shape": "15.0.0-canary.51f9c0c28.0",
        "@material/theme": "15.0.0-canary.51f9c0c28.0",
        "@material/tokens": "15.0.0-canary.51f9c0c28.0",
        "@material/touch-target": "15.0.0-canary.51f9c0c28.0",
        "@material/typography": "15.0.0-canary.51f9c0c28.0",
        "tslib": "^2.1.0"
      }
    },
    "node_modules/@material/dom": {
      "version": "15.0.0-canary.51f9c0c28.0",
      "resolved": "https://registry.npmjs.org/@material/dom/-/dom-15.0.0-canary.51f9c0c28.0.tgz",
      "integrity": "sha512-SiJRfAgfBBffWVuc5yvaYiRqjli7+4Mx2BYZ69AT8J5k6Uj0Lt8ppd3T3a0zhfF0EXwTlHdeunP+X0keQFcRdw==",
      "dependencies": {
        "@material/feature-targeting": "15.0.0-canary.51f9c0c28.0",
        "@material/rtl": "15.0.0-canary.51f9c0c28.0",
        "tslib": "^2.1.0"
      }
    },
    "node_modules/@material/drawer": {
      "version": "15.0.0-canary.51f9c0c28.0",
      "resolved": "https://registry.npmjs.org/@material/drawer/-/drawer-15.0.0-canary.51f9c0c28.0.tgz",
      "integrity": "sha512-GXq6jHZHMX/6A0z1YEYkI9809sxC/r7g/uJxF3CWC9/8/d2TRYRATAccnllgsyK06XhrnFPf6DtXhyPr1icOzQ==",
      "dependencies": {
        "@material/animation": "15.0.0-canary.51f9c0c28.0",
        "@material/base": "15.0.0-canary.51f9c0c28.0",
        "@material/dom": "15.0.0-canary.51f9c0c28.0",
        "@material/elevation": "15.0.0-canary.51f9c0c28.0",
        "@material/feature-targeting": "15.0.0-canary.51f9c0c28.0",
        "@material/list": "15.0.0-canary.51f9c0c28.0",
        "@material/ripple": "15.0.0-canary.51f9c0c28.0",
        "@material/rtl": "15.0.0-canary.51f9c0c28.0",
        "@material/shape": "15.0.0-canary.51f9c0c28.0",
        "@material/theme": "15.0.0-canary.51f9c0c28.0",
        "@material/typography": "15.0.0-canary.51f9c0c28.0",
        "tslib": "^2.1.0"
      }
    },
    "node_modules/@material/elevation": {
      "version": "15.0.0-canary.51f9c0c28.0",
      "resolved": "https://registry.npmjs.org/@material/elevation/-/elevation-15.0.0-canary.51f9c0c28.0.tgz",
      "integrity": "sha512-bBsfYZBi/k380Cdxob+xnNhrmy6OZ/7k3q3xfT9gjWqE7TveAkOukLfMkRMyIltdl40jI7G9ewoW4oN8F0qOmg==",
      "dependencies": {
        "@material/animation": "15.0.0-canary.51f9c0c28.0",
        "@material/base": "15.0.0-canary.51f9c0c28.0",
        "@material/feature-targeting": "15.0.0-canary.51f9c0c28.0",
        "@material/rtl": "15.0.0-canary.51f9c0c28.0",
        "@material/theme": "15.0.0-canary.51f9c0c28.0",
        "tslib": "^2.1.0"
      }
    },
    "node_modules/@material/fab": {
      "version": "15.0.0-canary.51f9c0c28.0",
      "resolved": "https://registry.npmjs.org/@material/fab/-/fab-15.0.0-canary.51f9c0c28.0.tgz",
      "integrity": "sha512-QRanDJSZDMxMXcIyXWfspSXb31iusve9fB6D4SgeJ1/bZsvy/I3t9wXyl06sJBYJhRzIXOiORyoVUjal/OPCpg==",
      "dependencies": {
        "@material/animation": "15.0.0-canary.51f9c0c28.0",
        "@material/dom": "15.0.0-canary.51f9c0c28.0",
        "@material/elevation": "15.0.0-canary.51f9c0c28.0",
        "@material/feature-targeting": "15.0.0-canary.51f9c0c28.0",
        "@material/focus-ring": "15.0.0-canary.51f9c0c28.0",
        "@material/ripple": "15.0.0-canary.51f9c0c28.0",
        "@material/rtl": "15.0.0-canary.51f9c0c28.0",
        "@material/shape": "15.0.0-canary.51f9c0c28.0",
        "@material/theme": "15.0.0-canary.51f9c0c28.0",
        "@material/tokens": "15.0.0-canary.51f9c0c28.0",
        "@material/touch-target": "15.0.0-canary.51f9c0c28.0",
        "@material/typography": "15.0.0-canary.51f9c0c28.0",
        "tslib": "^2.1.0"
      }
    },
    "node_modules/@material/feature-targeting": {
      "version": "15.0.0-canary.51f9c0c28.0",
      "resolved": "https://registry.npmjs.org/@material/feature-targeting/-/feature-targeting-15.0.0-canary.51f9c0c28.0.tgz",
      "integrity": "sha512-ebWpsBhpOU3uwu46OsT4Gv7OUjPP9eQV17b5Ze5y8yYn3FcdKyZI3nBQH7gjlOpH0xhz6DNq/Dx1z7DVL5/3NQ==",
      "dependencies": {
        "tslib": "^2.1.0"
      }
    },
    "node_modules/@material/floating-label": {
      "version": "15.0.0-canary.51f9c0c28.0",
      "resolved": "https://registry.npmjs.org/@material/floating-label/-/floating-label-15.0.0-canary.51f9c0c28.0.tgz",
      "integrity": "sha512-4T1uKFXIUAg6lP2+kY6QcHdIl6exqsgDkOUlkPnAvXUZmGWnL9NlTSv3c6hdTcattM8XfcdPrjHozS1ltiIiFA==",
      "dependencies": {
        "@material/animation": "15.0.0-canary.51f9c0c28.0",
        "@material/base": "15.0.0-canary.51f9c0c28.0",
        "@material/dom": "15.0.0-canary.51f9c0c28.0",
        "@material/feature-targeting": "15.0.0-canary.51f9c0c28.0",
        "@material/rtl": "15.0.0-canary.51f9c0c28.0",
        "@material/theme": "15.0.0-canary.51f9c0c28.0",
        "@material/typography": "15.0.0-canary.51f9c0c28.0",
        "tslib": "^2.1.0"
      }
    },
    "node_modules/@material/focus-ring": {
      "version": "15.0.0-canary.51f9c0c28.0",
      "resolved": "https://registry.npmjs.org/@material/focus-ring/-/focus-ring-15.0.0-canary.51f9c0c28.0.tgz",
      "integrity": "sha512-QGGMoJf38IHwHSWUxvcsiB3AOfZ7RtqF1NNwQOy7dTycXwzpf7gA+tYlbr4KFHg5rz0PBd6C7yAdPRK+RAO+Eg==",
      "dependencies": {
        "@material/dom": "15.0.0-canary.51f9c0c28.0",
        "@material/feature-targeting": "15.0.0-canary.51f9c0c28.0",
        "@material/rtl": "15.0.0-canary.51f9c0c28.0"
      }
    },
    "node_modules/@material/form-field": {
      "version": "15.0.0-canary.51f9c0c28.0",
      "resolved": "https://registry.npmjs.org/@material/form-field/-/form-field-15.0.0-canary.51f9c0c28.0.tgz",
      "integrity": "sha512-sHn97Z9f9YUioeGve/EANIAqddH4YslybHbFTMFx9AA4CyFITEXuNI7GC7J7BzkI10rcjmatWUGx0JRal1kVGw==",
      "dependencies": {
        "@material/base": "15.0.0-canary.51f9c0c28.0",
        "@material/feature-targeting": "15.0.0-canary.51f9c0c28.0",
        "@material/ripple": "15.0.0-canary.51f9c0c28.0",
        "@material/rtl": "15.0.0-canary.51f9c0c28.0",
        "@material/theme": "15.0.0-canary.51f9c0c28.0",
        "@material/typography": "15.0.0-canary.51f9c0c28.0",
        "tslib": "^2.1.0"
      }
    },
    "node_modules/@material/icon-button": {
      "version": "15.0.0-canary.51f9c0c28.0",
      "resolved": "https://registry.npmjs.org/@material/icon-button/-/icon-button-15.0.0-canary.51f9c0c28.0.tgz",
      "integrity": "sha512-/qJscrbn45yZN+yno0NHBdHGttJ/0kgOIY34OIb9LeGDnVe+snsWrA8DkiaPeYJTLge+ACtgfDdk/iN+6vvckg==",
      "dependencies": {
        "@material/base": "15.0.0-canary.51f9c0c28.0",
        "@material/density": "15.0.0-canary.51f9c0c28.0",
        "@material/dom": "15.0.0-canary.51f9c0c28.0",
        "@material/elevation": "15.0.0-canary.51f9c0c28.0",
        "@material/feature-targeting": "15.0.0-canary.51f9c0c28.0",
        "@material/focus-ring": "15.0.0-canary.51f9c0c28.0",
        "@material/ripple": "15.0.0-canary.51f9c0c28.0",
        "@material/rtl": "15.0.0-canary.51f9c0c28.0",
        "@material/theme": "15.0.0-canary.51f9c0c28.0",
        "@material/touch-target": "15.0.0-canary.51f9c0c28.0",
        "tslib": "^2.1.0"
      }
    },
    "node_modules/@material/image-list": {
      "version": "15.0.0-canary.51f9c0c28.0",
      "resolved": "https://registry.npmjs.org/@material/image-list/-/image-list-15.0.0-canary.51f9c0c28.0.tgz",
      "integrity": "sha512-4IhKYtrF7qA2e7qKt1B1XXg9mEJy7eyoWO0iQrqK8jtYyAaDMmsi24fAvlubczO+Qj02RFCqPCO2j23RCojYnA==",
      "dependencies": {
        "@material/feature-targeting": "15.0.0-canary.51f9c0c28.0",
        "@material/shape": "15.0.0-canary.51f9c0c28.0",
        "@material/theme": "15.0.0-canary.51f9c0c28.0",
        "@material/typography": "15.0.0-canary.51f9c0c28.0",
        "tslib": "^2.1.0"
      }
    },
    "node_modules/@material/layout-grid": {
      "version": "15.0.0-canary.51f9c0c28.0",
      "resolved": "https://registry.npmjs.org/@material/layout-grid/-/layout-grid-15.0.0-canary.51f9c0c28.0.tgz",
      "integrity": "sha512-ihb7N9hLB4CSbrGC2b70zaFMiJo8DJTZAy99AmAdtpo9CdGlkXDxlyEDYI+NkFHMeyoL85m9dEqGgLgiEGlO5Q==",
      "dependencies": {
        "tslib": "^2.1.0"
      }
    },
    "node_modules/@material/line-ripple": {
      "version": "15.0.0-canary.51f9c0c28.0",
      "resolved": "https://registry.npmjs.org/@material/line-ripple/-/line-ripple-15.0.0-canary.51f9c0c28.0.tgz",
      "integrity": "sha512-4LNf92KjQ+RnPv3qb9R4gwO0zWMbMfCYnuvA7mXysRChL8f/3uuvTLySRuobMeE8HndErAMylHdWdtgTQ+6GSw==",
      "dependencies": {
        "@material/animation": "15.0.0-canary.51f9c0c28.0",
        "@material/base": "15.0.0-canary.51f9c0c28.0",
        "@material/feature-targeting": "15.0.0-canary.51f9c0c28.0",
        "@material/theme": "15.0.0-canary.51f9c0c28.0",
        "tslib": "^2.1.0"
      }
    },
    "node_modules/@material/linear-progress": {
      "version": "15.0.0-canary.51f9c0c28.0",
      "resolved": "https://registry.npmjs.org/@material/linear-progress/-/linear-progress-15.0.0-canary.51f9c0c28.0.tgz",
      "integrity": "sha512-Aoi03JbUspj+08fLx2Y72jguD3uYkXHE9RNk9R2cqcjtahzGDdL7tDCZEqzmepSvdnDezHsWIBvkiLHuJP7WGA==",
      "dependencies": {
        "@material/animation": "15.0.0-canary.51f9c0c28.0",
        "@material/base": "15.0.0-canary.51f9c0c28.0",
        "@material/dom": "15.0.0-canary.51f9c0c28.0",
        "@material/feature-targeting": "15.0.0-canary.51f9c0c28.0",
        "@material/progress-indicator": "15.0.0-canary.51f9c0c28.0",
        "@material/rtl": "15.0.0-canary.51f9c0c28.0",
        "@material/theme": "15.0.0-canary.51f9c0c28.0",
        "tslib": "^2.1.0"
      }
    },
    "node_modules/@material/list": {
      "version": "15.0.0-canary.51f9c0c28.0",
      "resolved": "https://registry.npmjs.org/@material/list/-/list-15.0.0-canary.51f9c0c28.0.tgz",
      "integrity": "sha512-hMxDwAgs3NMi5z6XZvBjiopmdkApWZlKt1EOurPyuMDAKu/f0Dpu4lttNXmC1Qhg/Z82inMxUgYVWv4eMok4cQ==",
      "dependencies": {
        "@material/base": "15.0.0-canary.51f9c0c28.0",
        "@material/density": "15.0.0-canary.51f9c0c28.0",
        "@material/dom": "15.0.0-canary.51f9c0c28.0",
        "@material/feature-targeting": "15.0.0-canary.51f9c0c28.0",
        "@material/ripple": "15.0.0-canary.51f9c0c28.0",
        "@material/rtl": "15.0.0-canary.51f9c0c28.0",
        "@material/shape": "15.0.0-canary.51f9c0c28.0",
        "@material/theme": "15.0.0-canary.51f9c0c28.0",
        "@material/tokens": "15.0.0-canary.51f9c0c28.0",
        "@material/typography": "15.0.0-canary.51f9c0c28.0",
        "tslib": "^2.1.0"
      }
    },
    "node_modules/@material/menu": {
      "version": "15.0.0-canary.51f9c0c28.0",
      "resolved": "https://registry.npmjs.org/@material/menu/-/menu-15.0.0-canary.51f9c0c28.0.tgz",
      "integrity": "sha512-Ua2KDrT+VW6a270QNXqHwC/WU0oO88THXV8XV50kZtFHipe70ZB8sBcqKYM3zntbhI0q05Dl+R+z1icJhpw2hA==",
      "dependencies": {
        "@material/base": "15.0.0-canary.51f9c0c28.0",
        "@material/dom": "15.0.0-canary.51f9c0c28.0",
        "@material/elevation": "15.0.0-canary.51f9c0c28.0",
        "@material/feature-targeting": "15.0.0-canary.51f9c0c28.0",
        "@material/list": "15.0.0-canary.51f9c0c28.0",
        "@material/menu-surface": "15.0.0-canary.51f9c0c28.0",
        "@material/ripple": "15.0.0-canary.51f9c0c28.0",
        "@material/rtl": "15.0.0-canary.51f9c0c28.0",
        "@material/shape": "15.0.0-canary.51f9c0c28.0",
        "@material/theme": "15.0.0-canary.51f9c0c28.0",
        "@material/tokens": "15.0.0-canary.51f9c0c28.0",
        "tslib": "^2.1.0"
      }
    },
    "node_modules/@material/menu-surface": {
      "version": "15.0.0-canary.51f9c0c28.0",
      "resolved": "https://registry.npmjs.org/@material/menu-surface/-/menu-surface-15.0.0-canary.51f9c0c28.0.tgz",
      "integrity": "sha512-aDGmwcZ2nI5E+gJ7jn7QrihJ2p33nU5EuKs9cpBZSmYZKm1wcfFcb2CR07ui1WBT/zaZ9CNaXnIdcJsKY76mSg==",
      "dependencies": {
        "@material/animation": "15.0.0-canary.51f9c0c28.0",
        "@material/base": "15.0.0-canary.51f9c0c28.0",
        "@material/elevation": "15.0.0-canary.51f9c0c28.0",
        "@material/feature-targeting": "15.0.0-canary.51f9c0c28.0",
        "@material/rtl": "15.0.0-canary.51f9c0c28.0",
        "@material/shape": "15.0.0-canary.51f9c0c28.0",
        "@material/theme": "15.0.0-canary.51f9c0c28.0",
        "tslib": "^2.1.0"
      }
    },
    "node_modules/@material/notched-outline": {
      "version": "15.0.0-canary.51f9c0c28.0",
      "resolved": "https://registry.npmjs.org/@material/notched-outline/-/notched-outline-15.0.0-canary.51f9c0c28.0.tgz",
      "integrity": "sha512-5fXgCxrEjoV9WKN2+4ru1mA8OIbnrrK/Zq5RT6QJgAbW/YRyMjtMZKIIbGhlL62/q4pZQCbYZaMmDskTkhiylg==",
      "dependencies": {
        "@material/base": "15.0.0-canary.51f9c0c28.0",
        "@material/feature-targeting": "15.0.0-canary.51f9c0c28.0",
        "@material/floating-label": "15.0.0-canary.51f9c0c28.0",
        "@material/rtl": "15.0.0-canary.51f9c0c28.0",
        "@material/shape": "15.0.0-canary.51f9c0c28.0",
        "@material/theme": "15.0.0-canary.51f9c0c28.0",
        "tslib": "^2.1.0"
      }
    },
    "node_modules/@material/progress-indicator": {
      "version": "15.0.0-canary.51f9c0c28.0",
      "resolved": "https://registry.npmjs.org/@material/progress-indicator/-/progress-indicator-15.0.0-canary.51f9c0c28.0.tgz",
      "integrity": "sha512-teQwuo+45CKDRT17Ly9DOYJBHfoIJhGYbRsTCjgm6yGfWER3htP77NseTD8w1iaVHM09D9hjhvji3BQGD5s6Pg==",
      "dependencies": {
        "tslib": "^2.1.0"
      }
    },
    "node_modules/@material/radio": {
      "version": "15.0.0-canary.51f9c0c28.0",
      "resolved": "https://registry.npmjs.org/@material/radio/-/radio-15.0.0-canary.51f9c0c28.0.tgz",
      "integrity": "sha512-8zYl1iQz4E8l+iI9m2rnf1pO7wZJZdvXjxjk6Wx608Rac5ntPFn8ky8eBVRa3AnCLFJlLMPRfGPwCO8TJQutKg==",
      "dependencies": {
        "@material/animation": "15.0.0-canary.51f9c0c28.0",
        "@material/base": "15.0.0-canary.51f9c0c28.0",
        "@material/density": "15.0.0-canary.51f9c0c28.0",
        "@material/dom": "15.0.0-canary.51f9c0c28.0",
        "@material/feature-targeting": "15.0.0-canary.51f9c0c28.0",
        "@material/focus-ring": "15.0.0-canary.51f9c0c28.0",
        "@material/ripple": "15.0.0-canary.51f9c0c28.0",
        "@material/theme": "15.0.0-canary.51f9c0c28.0",
        "@material/touch-target": "15.0.0-canary.51f9c0c28.0",
        "tslib": "^2.1.0"
      }
    },
    "node_modules/@material/ripple": {
      "version": "15.0.0-canary.51f9c0c28.0",
      "resolved": "https://registry.npmjs.org/@material/ripple/-/ripple-15.0.0-canary.51f9c0c28.0.tgz",
      "integrity": "sha512-q5Qk3a5kxlC3zvVRfDfpJBXMjPReey/xCFgov9NskbYyAWvGDUkizHxQqdBpZtaczMgFLG4locaM7lHCD6sGgw==",
      "dependencies": {
        "@material/animation": "15.0.0-canary.51f9c0c28.0",
        "@material/base": "15.0.0-canary.51f9c0c28.0",
        "@material/dom": "15.0.0-canary.51f9c0c28.0",
        "@material/feature-targeting": "15.0.0-canary.51f9c0c28.0",
        "@material/rtl": "15.0.0-canary.51f9c0c28.0",
        "@material/theme": "15.0.0-canary.51f9c0c28.0",
        "tslib": "^2.1.0"
      }
    },
    "node_modules/@material/rtl": {
      "version": "15.0.0-canary.51f9c0c28.0",
      "resolved": "https://registry.npmjs.org/@material/rtl/-/rtl-15.0.0-canary.51f9c0c28.0.tgz",
      "integrity": "sha512-osFXl265Tg0tMiLts31UBeV+hRogXdDclsMRDrIsfs1faSXkBANFf8pPBk9Iyo70zx3X4fhFDY0PnsIkex3kug==",
      "dependencies": {
        "@material/theme": "15.0.0-canary.51f9c0c28.0",
        "tslib": "^2.1.0"
      }
    },
    "node_modules/@material/segmented-button": {
      "version": "15.0.0-canary.51f9c0c28.0",
      "resolved": "https://registry.npmjs.org/@material/segmented-button/-/segmented-button-15.0.0-canary.51f9c0c28.0.tgz",
      "integrity": "sha512-rYIyfIzf/Ev2d1/4OwkmzGvZ/jlQZDwR6i1FJA7pYbpYyVAI+8CxBL0ea02iUZfvTG8KQcx0fBW5HOlYSHayYQ==",
      "dependencies": {
        "@material/base": "15.0.0-canary.51f9c0c28.0",
        "@material/elevation": "15.0.0-canary.51f9c0c28.0",
        "@material/feature-targeting": "15.0.0-canary.51f9c0c28.0",
        "@material/ripple": "15.0.0-canary.51f9c0c28.0",
        "@material/theme": "15.0.0-canary.51f9c0c28.0",
        "@material/touch-target": "15.0.0-canary.51f9c0c28.0",
        "@material/typography": "15.0.0-canary.51f9c0c28.0",
        "tslib": "^2.1.0"
      }
    },
    "node_modules/@material/select": {
      "version": "15.0.0-canary.51f9c0c28.0",
      "resolved": "https://registry.npmjs.org/@material/select/-/select-15.0.0-canary.51f9c0c28.0.tgz",
      "integrity": "sha512-DpfJ3ZgMEGfgRLDniGmkNlG/Wwrmd6wYI1bQiq2GhlkA3vsDCuCa/EyNkCDTCqhPDUzvWVJOH3kqUm4piSyDrA==",
      "dependencies": {
        "@material/animation": "15.0.0-canary.51f9c0c28.0",
        "@material/base": "15.0.0-canary.51f9c0c28.0",
        "@material/density": "15.0.0-canary.51f9c0c28.0",
        "@material/dom": "15.0.0-canary.51f9c0c28.0",
        "@material/elevation": "15.0.0-canary.51f9c0c28.0",
        "@material/feature-targeting": "15.0.0-canary.51f9c0c28.0",
        "@material/floating-label": "15.0.0-canary.51f9c0c28.0",
        "@material/line-ripple": "15.0.0-canary.51f9c0c28.0",
        "@material/list": "15.0.0-canary.51f9c0c28.0",
        "@material/menu": "15.0.0-canary.51f9c0c28.0",
        "@material/menu-surface": "15.0.0-canary.51f9c0c28.0",
        "@material/notched-outline": "15.0.0-canary.51f9c0c28.0",
        "@material/ripple": "15.0.0-canary.51f9c0c28.0",
        "@material/rtl": "15.0.0-canary.51f9c0c28.0",
        "@material/shape": "15.0.0-canary.51f9c0c28.0",
        "@material/theme": "15.0.0-canary.51f9c0c28.0",
        "@material/tokens": "15.0.0-canary.51f9c0c28.0",
        "@material/typography": "15.0.0-canary.51f9c0c28.0",
        "tslib": "^2.1.0"
      }
    },
    "node_modules/@material/shape": {
      "version": "15.0.0-canary.51f9c0c28.0",
      "resolved": "https://registry.npmjs.org/@material/shape/-/shape-15.0.0-canary.51f9c0c28.0.tgz",
      "integrity": "sha512-SdJEmNYyhvlITE2sZJuX3yygl/3l6N1Md4mKT2tclkY/eYf+HnHZRJvUpE2KnWMnIAvVdAljhU+eYZfalAvH7A==",
      "dependencies": {
        "@material/feature-targeting": "15.0.0-canary.51f9c0c28.0",
        "@material/rtl": "15.0.0-canary.51f9c0c28.0",
        "@material/theme": "15.0.0-canary.51f9c0c28.0",
        "tslib": "^2.1.0"
      }
    },
    "node_modules/@material/slider": {
      "version": "15.0.0-canary.51f9c0c28.0",
      "resolved": "https://registry.npmjs.org/@material/slider/-/slider-15.0.0-canary.51f9c0c28.0.tgz",
      "integrity": "sha512-LxZRzXMRjc9mmMz3PYY6QOl85WHH9AoBox3+kNaB5J7Q9J/LaCRdqHHpOvh05n+MVZcecaV+UdADxQ8dJbR0Fg==",
      "dependencies": {
        "@material/animation": "15.0.0-canary.51f9c0c28.0",
        "@material/base": "15.0.0-canary.51f9c0c28.0",
        "@material/dom": "15.0.0-canary.51f9c0c28.0",
        "@material/elevation": "15.0.0-canary.51f9c0c28.0",
        "@material/feature-targeting": "15.0.0-canary.51f9c0c28.0",
        "@material/ripple": "15.0.0-canary.51f9c0c28.0",
        "@material/rtl": "15.0.0-canary.51f9c0c28.0",
        "@material/theme": "15.0.0-canary.51f9c0c28.0",
        "@material/tokens": "15.0.0-canary.51f9c0c28.0",
        "@material/typography": "15.0.0-canary.51f9c0c28.0",
        "tslib": "^2.1.0"
      }
    },
    "node_modules/@material/snackbar": {
      "version": "15.0.0-canary.51f9c0c28.0",
      "resolved": "https://registry.npmjs.org/@material/snackbar/-/snackbar-15.0.0-canary.51f9c0c28.0.tgz",
      "integrity": "sha512-51MLSplWiVjzVoEEkvRFEqFu/q4ra6ai03/rG/em9kmr8VI0hpvyxLEZ4yIRue+7SSjt5Bsou3hUdL0Q8Q20iw==",
      "dependencies": {
        "@material/animation": "15.0.0-canary.51f9c0c28.0",
        "@material/base": "15.0.0-canary.51f9c0c28.0",
        "@material/button": "15.0.0-canary.51f9c0c28.0",
        "@material/dom": "15.0.0-canary.51f9c0c28.0",
        "@material/elevation": "15.0.0-canary.51f9c0c28.0",
        "@material/feature-targeting": "15.0.0-canary.51f9c0c28.0",
        "@material/icon-button": "15.0.0-canary.51f9c0c28.0",
        "@material/ripple": "15.0.0-canary.51f9c0c28.0",
        "@material/rtl": "15.0.0-canary.51f9c0c28.0",
        "@material/shape": "15.0.0-canary.51f9c0c28.0",
        "@material/theme": "15.0.0-canary.51f9c0c28.0",
        "@material/tokens": "15.0.0-canary.51f9c0c28.0",
        "@material/typography": "15.0.0-canary.51f9c0c28.0",
        "tslib": "^2.1.0"
      }
    },
    "node_modules/@material/switch": {
      "version": "15.0.0-canary.51f9c0c28.0",
      "resolved": "https://registry.npmjs.org/@material/switch/-/switch-15.0.0-canary.51f9c0c28.0.tgz",
      "integrity": "sha512-kRTmekNkKkiHgKuLb/GcnPvZ2WVvoS5U66NxGsRhs2ixKbWwa6qsBtXc5V7kNEsUDVgetUG5xDLye+ofQoyxEg==",
      "dependencies": {
        "@material/animation": "15.0.0-canary.51f9c0c28.0",
        "@material/base": "15.0.0-canary.51f9c0c28.0",
        "@material/density": "15.0.0-canary.51f9c0c28.0",
        "@material/dom": "15.0.0-canary.51f9c0c28.0",
        "@material/elevation": "15.0.0-canary.51f9c0c28.0",
        "@material/feature-targeting": "15.0.0-canary.51f9c0c28.0",
        "@material/focus-ring": "15.0.0-canary.51f9c0c28.0",
        "@material/ripple": "15.0.0-canary.51f9c0c28.0",
        "@material/rtl": "15.0.0-canary.51f9c0c28.0",
        "@material/shape": "15.0.0-canary.51f9c0c28.0",
        "@material/theme": "15.0.0-canary.51f9c0c28.0",
        "@material/tokens": "15.0.0-canary.51f9c0c28.0",
        "safevalues": "^0.3.4",
        "tslib": "^2.1.0"
      }
    },
    "node_modules/@material/tab": {
      "version": "15.0.0-canary.51f9c0c28.0",
      "resolved": "https://registry.npmjs.org/@material/tab/-/tab-15.0.0-canary.51f9c0c28.0.tgz",
      "integrity": "sha512-Z8tepFaE46qTjKi+NLb/tY6EXxFNxhx3VS4vGbC/ZktuQpPJx3POU1HHs7pQzhRIh6fDTreWAoXZo5WTj8miZg==",
      "dependencies": {
        "@material/base": "15.0.0-canary.51f9c0c28.0",
        "@material/elevation": "15.0.0-canary.51f9c0c28.0",
        "@material/feature-targeting": "15.0.0-canary.51f9c0c28.0",
        "@material/focus-ring": "15.0.0-canary.51f9c0c28.0",
        "@material/ripple": "15.0.0-canary.51f9c0c28.0",
        "@material/rtl": "15.0.0-canary.51f9c0c28.0",
        "@material/tab-indicator": "15.0.0-canary.51f9c0c28.0",
        "@material/theme": "15.0.0-canary.51f9c0c28.0",
        "@material/tokens": "15.0.0-canary.51f9c0c28.0",
        "@material/typography": "15.0.0-canary.51f9c0c28.0",
        "tslib": "^2.1.0"
      }
    },
    "node_modules/@material/tab-bar": {
      "version": "15.0.0-canary.51f9c0c28.0",
      "resolved": "https://registry.npmjs.org/@material/tab-bar/-/tab-bar-15.0.0-canary.51f9c0c28.0.tgz",
      "integrity": "sha512-C0lE3ye6QycNNTbzhgCe5lUj01Z5tZpm/BF/aw2z9N49cXVB0Ka59cn4jktOs7wTzoW0OQOilhs72/xf0PR7Cw==",
      "dependencies": {
        "@material/animation": "15.0.0-canary.51f9c0c28.0",
        "@material/base": "15.0.0-canary.51f9c0c28.0",
        "@material/density": "15.0.0-canary.51f9c0c28.0",
        "@material/elevation": "15.0.0-canary.51f9c0c28.0",
        "@material/feature-targeting": "15.0.0-canary.51f9c0c28.0",
        "@material/tab": "15.0.0-canary.51f9c0c28.0",
        "@material/tab-indicator": "15.0.0-canary.51f9c0c28.0",
        "@material/tab-scroller": "15.0.0-canary.51f9c0c28.0",
        "@material/theme": "15.0.0-canary.51f9c0c28.0",
        "@material/tokens": "15.0.0-canary.51f9c0c28.0",
        "@material/typography": "15.0.0-canary.51f9c0c28.0",
        "tslib": "^2.1.0"
      }
    },
    "node_modules/@material/tab-indicator": {
      "version": "15.0.0-canary.51f9c0c28.0",
      "resolved": "https://registry.npmjs.org/@material/tab-indicator/-/tab-indicator-15.0.0-canary.51f9c0c28.0.tgz",
      "integrity": "sha512-C5DBeiVgR75+Du4MdSdfPmBJ/AYhMyvM2nG+2PBqR5h1recM5+ocypeEtmZI9foJaPRHypc3fNTW/mdxV7c3dA==",
      "dependencies": {
        "@material/animation": "15.0.0-canary.51f9c0c28.0",
        "@material/base": "15.0.0-canary.51f9c0c28.0",
        "@material/feature-targeting": "15.0.0-canary.51f9c0c28.0",
        "@material/theme": "15.0.0-canary.51f9c0c28.0",
        "tslib": "^2.1.0"
      }
    },
    "node_modules/@material/tab-scroller": {
      "version": "15.0.0-canary.51f9c0c28.0",
      "resolved": "https://registry.npmjs.org/@material/tab-scroller/-/tab-scroller-15.0.0-canary.51f9c0c28.0.tgz",
      "integrity": "sha512-00JZXIbnVvrRPoY6N4MNlS/L2sHZOCj8tzCLEszJZCg722onlN8YDyCh51t0mdcfzw5N1ULvGnsa5BpeWeW3vw==",
      "dependencies": {
        "@material/animation": "15.0.0-canary.51f9c0c28.0",
        "@material/base": "15.0.0-canary.51f9c0c28.0",
        "@material/dom": "15.0.0-canary.51f9c0c28.0",
        "@material/feature-targeting": "15.0.0-canary.51f9c0c28.0",
        "@material/tab": "15.0.0-canary.51f9c0c28.0",
        "tslib": "^2.1.0"
      }
    },
    "node_modules/@material/textfield": {
      "version": "15.0.0-canary.51f9c0c28.0",
      "resolved": "https://registry.npmjs.org/@material/textfield/-/textfield-15.0.0-canary.51f9c0c28.0.tgz",
      "integrity": "sha512-e8HjmBiRFI7/4Sg6c8XsshYLZsLn7qwKrJZWR7gA9LcYCJZDN1zaOVC5/Cx6lwS+R/hShtJh85ob3HJhdKmKRw==",
      "dependencies": {
        "@material/animation": "15.0.0-canary.51f9c0c28.0",
        "@material/base": "15.0.0-canary.51f9c0c28.0",
        "@material/density": "15.0.0-canary.51f9c0c28.0",
        "@material/dom": "15.0.0-canary.51f9c0c28.0",
        "@material/feature-targeting": "15.0.0-canary.51f9c0c28.0",
        "@material/floating-label": "15.0.0-canary.51f9c0c28.0",
        "@material/line-ripple": "15.0.0-canary.51f9c0c28.0",
        "@material/notched-outline": "15.0.0-canary.51f9c0c28.0",
        "@material/ripple": "15.0.0-canary.51f9c0c28.0",
        "@material/rtl": "15.0.0-canary.51f9c0c28.0",
        "@material/shape": "15.0.0-canary.51f9c0c28.0",
        "@material/theme": "15.0.0-canary.51f9c0c28.0",
        "@material/tokens": "15.0.0-canary.51f9c0c28.0",
        "@material/typography": "15.0.0-canary.51f9c0c28.0",
        "tslib": "^2.1.0"
      }
    },
    "node_modules/@material/theme": {
      "version": "15.0.0-canary.51f9c0c28.0",
      "resolved": "https://registry.npmjs.org/@material/theme/-/theme-15.0.0-canary.51f9c0c28.0.tgz",
      "integrity": "sha512-E9W/SM3YAsz4qfYuNZby9bq4TvrgPEjsDitj842FmlTmHXZIoQqizvnX6mtzGq+aPmlSF+nDG+uSJTg37kVQWA==",
      "dependencies": {
        "@material/feature-targeting": "15.0.0-canary.51f9c0c28.0",
        "tslib": "^2.1.0"
      }
    },
    "node_modules/@material/tokens": {
      "version": "15.0.0-canary.51f9c0c28.0",
      "resolved": "https://registry.npmjs.org/@material/tokens/-/tokens-15.0.0-canary.51f9c0c28.0.tgz",
      "integrity": "sha512-rXjIFqfos9M60J9oYgbRA784I2JtTL7WvFHH6c4i3vIFnGwJiC57ovju5jF2OaAyrB5GuUNRVRaJw1CSn5bzvA==",
      "dependencies": {
        "@material/elevation": "15.0.0-canary.51f9c0c28.0"
      }
    },
    "node_modules/@material/tooltip": {
      "version": "15.0.0-canary.51f9c0c28.0",
      "resolved": "https://registry.npmjs.org/@material/tooltip/-/tooltip-15.0.0-canary.51f9c0c28.0.tgz",
      "integrity": "sha512-Lvh/Yjmh2wLSFp6p/S6PWrbIQbWFNqAq9K7YAnjYaWLUfBznz/GmgJbWzIhwtTwLzA6eyCk84KY7Ldm4y6QXnA==",
      "dependencies": {
        "@material/animation": "15.0.0-canary.51f9c0c28.0",
        "@material/base": "15.0.0-canary.51f9c0c28.0",
        "@material/button": "15.0.0-canary.51f9c0c28.0",
        "@material/dom": "15.0.0-canary.51f9c0c28.0",
        "@material/elevation": "15.0.0-canary.51f9c0c28.0",
        "@material/feature-targeting": "15.0.0-canary.51f9c0c28.0",
        "@material/rtl": "15.0.0-canary.51f9c0c28.0",
        "@material/shape": "15.0.0-canary.51f9c0c28.0",
        "@material/theme": "15.0.0-canary.51f9c0c28.0",
        "@material/tokens": "15.0.0-canary.51f9c0c28.0",
        "@material/typography": "15.0.0-canary.51f9c0c28.0",
        "safevalues": "^0.3.4",
        "tslib": "^2.1.0"
      }
    },
    "node_modules/@material/top-app-bar": {
      "version": "15.0.0-canary.51f9c0c28.0",
      "resolved": "https://registry.npmjs.org/@material/top-app-bar/-/top-app-bar-15.0.0-canary.51f9c0c28.0.tgz",
      "integrity": "sha512-ApTalnQcMMuoZ9r2wace2A3SUIfwOfHryFX/rzR00SG8VlXA+Hj4SFNeEQ7qQVPx0RL5supT3Ixz9MWaujdb3Q==",
      "dependencies": {
        "@material/animation": "15.0.0-canary.51f9c0c28.0",
        "@material/base": "15.0.0-canary.51f9c0c28.0",
        "@material/elevation": "15.0.0-canary.51f9c0c28.0",
        "@material/ripple": "15.0.0-canary.51f9c0c28.0",
        "@material/rtl": "15.0.0-canary.51f9c0c28.0",
        "@material/shape": "15.0.0-canary.51f9c0c28.0",
        "@material/theme": "15.0.0-canary.51f9c0c28.0",
        "@material/typography": "15.0.0-canary.51f9c0c28.0",
        "tslib": "^2.1.0"
      }
    },
    "node_modules/@material/touch-target": {
      "version": "15.0.0-canary.51f9c0c28.0",
      "resolved": "https://registry.npmjs.org/@material/touch-target/-/touch-target-15.0.0-canary.51f9c0c28.0.tgz",
      "integrity": "sha512-0O6TSukUJSscOQYlel1MTR63cEeX3XV6SQ/X1FIV+JkYxMof/stiIbWYF55FrWuiV8o4t0JCYHHwB7MPWvufVA==",
      "dependencies": {
        "@material/base": "15.0.0-canary.51f9c0c28.0",
        "@material/feature-targeting": "15.0.0-canary.51f9c0c28.0",
        "@material/rtl": "15.0.0-canary.51f9c0c28.0",
        "@material/theme": "15.0.0-canary.51f9c0c28.0",
        "tslib": "^2.1.0"
      }
    },
    "node_modules/@material/typography": {
      "version": "15.0.0-canary.51f9c0c28.0",
      "resolved": "https://registry.npmjs.org/@material/typography/-/typography-15.0.0-canary.51f9c0c28.0.tgz",
      "integrity": "sha512-54B9LQe1ueFwcjrh58C8FII/O9bflTWNMv3eZSaLwAFz4csNPXHkoLryFmMGbO99p04SsQ/xCjqLJedJCrpN3A==",
      "dependencies": {
        "@material/feature-targeting": "15.0.0-canary.51f9c0c28.0",
        "@material/theme": "15.0.0-canary.51f9c0c28.0",
        "tslib": "^2.1.0"
      }
    },
    "node_modules/entities": {
      "version": "4.5.0",
      "resolved": "https://registry.npmjs.org/entities/-/entities-4.5.0.tgz",
      "integrity": "sha512-V0hjH4dGPh9Ao5p0MoRY6BVqtwCjhz6vI5LT8AJ55H+4g9/4vbHx1I54fS0XuclLhDHArPQCiMjDxjaL8fPxhw==",
      "optional": true,
      "engines": {
        "node": ">=0.12"
      },
      "funding": {
        "url": "https://github.com/fb55/entities?sponsor=1"
      }
    },
    "node_modules/parse5": {
      "version": "7.1.2",
      "resolved": "https://registry.npmjs.org/parse5/-/parse5-7.1.2.tgz",
      "integrity": "sha512-Czj1WaSVpaoj0wbhMzLmWD69anp2WH7FXMB9n1Sy8/ZFF9jolSQVMu1Ij5WIyGmcBmhk7EOndpO4mIpihVqAXw==",
      "optional": true,
      "dependencies": {
        "entities": "^4.4.0"
      },
      "funding": {
        "url": "https://github.com/inikulin/parse5?sponsor=1"
      }
    },
    "node_modules/rxjs": {
      "version": "7.8.1",
      "resolved": "https://registry.npmjs.org/rxjs/-/rxjs-7.8.1.tgz",
      "integrity": "sha512-AA3TVj+0A2iuIoQkWEK/tqFjBq2j+6PO6Y0zJcvzLAFhEFIO3HL0vls9hWLncZbAAbK0mar7oZ4V079I/qPMxg==",
      "peer": true,
      "dependencies": {
        "tslib": "^2.1.0"
      }
    },
    "node_modules/safevalues": {
      "version": "0.3.4",
      "resolved": "https://registry.npmjs.org/safevalues/-/safevalues-0.3.4.tgz",
      "integrity": "sha512-LRneZZRXNgjzwG4bDQdOTSbze3fHm1EAKN/8bePxnlEZiBmkYEDggaHbuvHI9/hoqHbGfsEA7tWS9GhYHZBBsw=="
    },
    "node_modules/tslib": {
      "version": "2.5.0",
      "resolved": "https://registry.npmjs.org/tslib/-/tslib-2.5.0.tgz",
      "integrity": "sha512-336iVw3rtn2BUK7ORdIAHTyxHGRIHVReokCR3XjbckJMK7ms8FysBfhLR8IXnAgy7T0PTPNBWKiH514FOW/WSg=="
    },
    "node_modules/zone.js": {
      "version": "0.13.0",
      "resolved": "https://registry.npmjs.org/zone.js/-/zone.js-0.13.0.tgz",
      "integrity": "sha512-7m3hNNyswsdoDobCkYNAy5WiUulkMd3+fWaGT9ij6iq3Zr/IwJo4RMCYPSDjT+r7tnPErmY9sZpKhWQ8S5k6XQ==",
      "peer": true,
      "dependencies": {
        "tslib": "^2.3.0"
      }
    }
  }
}
